
Microsoft Visual Studio Solution File, Format Version 12.00
# Visual Studio Version 17
VisualStudioVersion = 17.3.32929.385
MinimumVisualStudioVersion = 10.0.40219.1
Project("{9A19103F-16F7-4668-BE54-9A1E7A4F7556}") = "D2RStart", "D2RStart\D2RStart.csproj", "{C70A6CB5-431C-4BB2-A71B-2910A9F4FA80}"
EndProject
Project("{2150E333-8FDC-42A3-9474-1A3956D46DE8}") = "Solution Items", "Solution Items", "{792D12F9-4756-4C27-AF1B-3DD0256BB7CB}"
	ProjectSection(SolutionItems) = preProject
		LICENSE = LICENSE
		README.md = README.md
	EndProjectSection
EndProject
Global
	GlobalSection(SolutionConfigurationPlatforms) = preSolution
		Debug|Any CPU = Debug|Any CPU
		Release|Any CPU = Release|Any CPU
	EndGlobalSection
	GlobalSection(ProjectConfigurationPlatforms) = postSolution
		{C70A6CB5-431C-4BB2-A71B-2910A9F4FA80}.Debug|Any CPU.ActiveCfg = Debug|Any CPU
		{C70A6CB5-431C-4BB2-A71B-2910A9F4FA80}.Debug|Any CPU.Build.0 = Debug|Any CPU
		{C70A6CB5-431C-4BB2-A71B-2910A9F4FA80}.Release|Any CPU.ActiveCfg = Release|Any CPU
		{C70A6CB5-431C-4BB2-A71B-2910A9F4FA80}.Release|Any CPU.Build.0 = Release|Any CPU
	EndGlobalSection
	GlobalSection(SolutionProperties) = preSolution
		HideSolutionNode = FALSE
	EndGlobalSection
	GlobalSection(ExtensibilityGlobals) = postSolution
		SolutionGuid = {00D613FA-7181-41F5-95B1-4C636B68B073}
	EndGlobalSection
EndGlobal
